{
  "nodes": {
    "naersk": {
      "inputs": {
        "nixpkgs": "nixpkgs"
      },
      "locked": {
        "lastModified": 1655042882,
        "narHash": "sha256-9BX8Fuez5YJlN7cdPO63InoyBy7dm3VlJkkmTt6fS1A=",
        "owner": "nix-community",
        "repo": "naersk",
        "rev": "cddffb5aa211f50c4b8750adbec0bbbdfb26bb9f",
        "type": "github"
      },
      "original": {
        "owner": "nix-community",
        "repo": "naersk",
        "type": "github"
      }
    },
    "naersk_2": {
      "inputs": {
        "nixpkgs": "nixpkgs_4"
      },
      "locked": {
        "lastModified": 1618844365,
        "narHash": "sha256-Z9t0rr+5OG/ru3jdg3jivfYVU4ydV/nqt8UwIut7uHs=",
        "owner": "nmattia",
        "repo": "naersk",
        "rev": "32e3ba39d9d83098b13720a4384bdda191dd0445",
        "type": "github"
      },
      "original": {
        "owner": "nmattia",
        "repo": "naersk",
        "type": "github"
      }
    },
    "nixpkgs": {
      "locked": {
        "lastModified": 0,
        "narHash": "sha256-TwEeh4r50NdWHFAHQSyjCk2cZxgwUfcCCAJOhPdXB28=",
        "path": "/nix/store/hyinwqr1byiwwgzdc32yvqi3ih1hssbh-source",
        "type": "path"
      },
      "original": {
        "id": "nixpkgs",
        "type": "indirect"
      }
    },
    "nixpkgs_2": {
      "locked": {
        "lastModified": 0,
        "narHash": "sha256-TwEeh4r50NdWHFAHQSyjCk2cZxgwUfcCCAJOhPdXB28=",
        "path": "/nix/store/hyinwqr1byiwwgzdc32yvqi3ih1hssbh-source",
        "type": "path"
      },
      "original": {
        "id": "nixpkgs",
        "type": "indirect"
      }
    },
    "nixpkgs_3": {
      "locked": {
        "lastModified": 1651007983,
        "narHash": "sha256-GNay7yDPtLcRcKCNHldug85AhAvBpTtPEJWSSDYBw8U=",
        "path": "/nix/store/yyddvwq452qsvpgb104mllpq0hkkmsqx-source",
        "rev": "e10da1c7f542515b609f8dfbcf788f3d85b14936",
        "type": "path"
      },
      "original": {
        "id": "nixpkgs",
        "type": "indirect"
      }
    },
    "nixpkgs_4": {
      "locked": {
        "lastModified": 1619033689,
        "narHash": "sha256-ABoYZ4ftAum8PTw5i5k/9c1S5Cj0goMFqpuOcdNJdGw=",
        "owner": "NixOS",
        "repo": "nixpkgs",
        "rev": "52b2fec43ba8d39c003627fe5f7fa59195bd40f2",
        "type": "github"
      },
      "original": {
        "id": "nixpkgs",
        "type": "indirect"
      }
    },
    "nixpkgs_5": {
      "locked": {
        "lastModified": 1619033689,
        "narHash": "sha256-ABoYZ4ftAum8PTw5i5k/9c1S5Cj0goMFqpuOcdNJdGw=",
        "owner": "NixOS",
        "repo": "nixpkgs",
        "rev": "52b2fec43ba8d39c003627fe5f7fa59195bd40f2",
        "type": "github"
      },
      "original": {
        "id": "nixpkgs",
        "type": "indirect"
      }
    },
    "nixpkgs_6": {
      "locked": {
        "lastModified": 1619033689,
        "narHash": "sha256-ABoYZ4ftAum8PTw5i5k/9c1S5Cj0goMFqpuOcdNJdGw=",
        "owner": "NixOS",
        "repo": "nixpkgs",
        "rev": "52b2fec43ba8d39c003627fe5f7fa59195bd40f2",
        "type": "github"
      },
      "original": {
        "id": "nixpkgs",
        "type": "indirect"
      }
    },
    "root": {
      "inputs": {
        "naersk": "naersk",
        "nixpkgs": "nixpkgs_2",
        "ske": "ske",
        "ske-rs": "ske-rs",
        "utils": "utils_4"
      }
    },
    "ske": {
      "inputs": {
        "nixpkgs": "nixpkgs_3",
        "utils": "utils"
      },
      "locked": {
        "lastModified": 1652107094,
        "narHash": "sha256-i8nHfSjV0ZozPWNp4qZ8AhjKmaGxoM/+4gNWA/BjrkY=",
        "ref": "main",
        "rev": "a60be956d9714945351c33c60ccd293325c49488",
        "revCount": 4,
        "type": "git",
        "url": "ssh://git@github.com/aeronautical-informatics/ske"
      },
      "original": {
        "ref": "main",
        "type": "git",
        "url": "ssh://git@github.com/aeronautical-informatics/ske"
      }
    },
    "ske-rs": {
      "inputs": {
        "naersk": "naersk_2",
        "nixpkgs": "nixpkgs_5",
        "ske": "ske_2",
        "utils": "utils_3"
      },
      "locked": {
        "lastModified": 1628270303,
        "narHash": "sha256-jxnt0i0h79gdpNfrvZL/x9JLiL92Ws5+bMG7omBqqO4=",
        "owner": "aeronautical-informatics",
        "repo": "ske-rs",
        "rev": "27f3e28a86e137603a4c605d4cd24af7dd387e95",
        "type": "github"
      },
      "original": {
        "owner": "aeronautical-informatics",
        "repo": "ske-rs",
        "type": "github"
      }
    },
    "ske_2": {
      "inputs": {
        "nixpkgs": "nixpkgs_6",
        "utils": "utils_2"
      },
      "locked": {
        "lastModified": 1619034515,
        "narHash": "sha256-zIu4dsc5iNKPlHKR/nFMuwVqciGEUqpV26Mx62a+ZpA=",
        "ref": "main",
        "rev": "4ce616a30f96e25469ee371327b0ecb1c713d83e",
        "revCount": 2,
        "type": "git",
        "url": "ssh://git@github.com/aeronautical-informatics/ske"
      },
      "original": {
        "ref": "main",
        "type": "git",
        "url": "ssh://git@github.com/aeronautical-informatics/ske"
      }
    },
    "utils": {
      "locked": {
        "lastModified": 1649676176,
        "narHash": "sha256-OWKJratjt2RW151VUlJPRALb7OU2S5s+f0vLj4o1bHM=",
        "owner": "numtide",
        "repo": "flake-utils",
        "rev": "a4b154ebbdc88c8498a5c7b01589addc9e9cb678",
        "type": "github"
      },
      "original": {
        "owner": "numtide",
        "repo": "flake-utils",
        "type": "github"
      }
    },
    "utils_2": {
      "locked": {
        "lastModified": 1618868421,
        "narHash": "sha256-vyoJhLV6cJ8/tWz+l9HZLIkb9Rd9esE7p+0RL6zDR6Y=",
        "owner": "numtide",
        "repo": "flake-utils",
        "rev": "eed214942bcfb3a8cc09eb3b28ca7d7221e44a94",
        "type": "github"
      },
      "original": {
        "owner": "numtide",
        "repo": "flake-utils",
        "type": "github"
      }
    },
    "utils_3": {
      "locked": {
        "lastModified": 1618868421,
        "narHash": "sha256-vyoJhLV6cJ8/tWz+l9HZLIkb9Rd9esE7p+0RL6zDR6Y=",
        "owner": "numtide",
        "repo": "flake-utils",
        "rev": "eed214942bcfb3a8cc09eb3b28ca7d7221e44a94",
        "type": "github"
      },
      "original": {
        "owner": "numtide",
        "repo": "flake-utils",
        "type": "github"
      }
    },
    "utils_4": {
      "locked": {
        "lastModified": 1656065134,
        "narHash": "sha256-oc6E6ByIw3oJaIyc67maaFcnjYOz1mMcOtHxbEf9NwQ=",
        "owner": "numtide",
        "repo": "flake-utils",
        "rev": "bee6a7250dd1b01844a2de7e02e4df7d8a0a206c",
        "type": "github"
      },
      "original": {
        "owner": "numtide",
        "repo": "flake-utils",
        "type": "github"
      }
    }
  },
  "root": "root",
  "version": 7
}
